
Microsoft Visual Studio Solution File, Format Version 12.00
# Visual Studio Version 16
VisualStudioVersion = 16.0.30717.126
MinimumVisualStudioVersion = 10.0.40219.1
Project("{FAE04EC0-301F-11D3-BF4B-00C04F79EFBC}") = "JesseRussell.LinqExtension", "JesseRussell.LinqExtension\JesseRussell.LinqExtension.csproj", "{87AD5F69-EA1F-49D9-AB59-6CEFDA7B7033}"
EndProject
Project("{FAE04EC0-301F-11D3-BF4B-00C04F79EFBC}") = "Debugging", "Debugging\Debugging.csproj", "{65CE7A34-3185-48BA-8BB0-24F5BEBAFB31}"
EndProject
Global
	GlobalSection(SolutionConfigurationPlatforms) = preSolution
		Debug|Any CPU = Debug|Any CPU
		Release|Any CPU = Release|Any CPU
	EndGlobalSection
	GlobalSection(ProjectConfigurationPlatforms) = postSolution
		{87AD5F69-EA1F-49D9-AB59-6CEFDA7B7033}.Debug|Any CPU.ActiveCfg = Debug|Any CPU
		{87AD5F69-EA1F-49D9-AB59-6CEFDA7B7033}.Debug|Any CPU.Build.0 = Debug|Any CPU
		{87AD5F69-EA1F-49D9-AB59-6CEFDA7B7033}.Release|Any CPU.ActiveCfg = Release|Any CPU
		{87AD5F69-EA1F-49D9-AB59-6CEFDA7B7033}.Release|Any CPU.Build.0 = Release|Any CPU
		{65CE7A34-3185-48BA-8BB0-24F5BEBAFB31}.Debug|Any CPU.ActiveCfg = Debug|Any CPU
		{65CE7A34-3185-48BA-8BB0-24F5BEBAFB31}.Debug|Any CPU.Build.0 = Debug|Any CPU
		{65CE7A34-3185-48BA-8BB0-24F5BEBAFB31}.Release|Any CPU.ActiveCfg = Release|Any CPU
		{65CE7A34-3185-48BA-8BB0-24F5BEBAFB31}.Release|Any CPU.Build.0 = Release|Any CPU
	EndGlobalSection
	GlobalSection(SolutionProperties) = preSolution
		HideSolutionNode = FALSE
	EndGlobalSection
	GlobalSection(ExtensibilityGlobals) = postSolution
		SolutionGuid = {4919E468-01E9-4A44-A5E7-5380E0E04917}
	EndGlobalSection
EndGlobal
